
Microsoft Visual Studio Solution File, Format Version 11.00
# Visual Studio 2010
Project("{FAE04EC0-301F-11D3-BF4B-00C04F79EFBC}") = "Assembly-CSharp", "Assembly-CSharp.csproj", "{E4DB149B-4DDF-1E44-8725-4A2B6B00C0C8}"
EndProject
Project("{FAE04EC0-301F-11D3-BF4B-00C04F79EFBC}") = "Assembly-CSharp-firstpass", "Assembly-CSharp-firstpass.csproj", "{C5DB9849-924A-0722-1504-4ED1DA6A23F0}"
EndProject
Project("{FAE04EC0-301F-11D3-BF4B-00C04F79EFBC}") = "Assembly-CSharp-Editor", "Assembly-CSharp-Editor.csproj", "{0AFBE297-ED9A-4E26-456E-CB850D885CB5}"
EndProject
Global
	GlobalSection(SolutionConfigurationPlatforms) = preSolution
		Debug|Any CPU = Debug|Any CPU
		Release|Any CPU = Release|Any CPU
	EndGlobalSection
	GlobalSection(ProjectConfigurationPlatforms) = postSolution
		{E4DB149B-4DDF-1E44-8725-4A2B6B00C0C8}.Debug|Any CPU.ActiveCfg = Debug|Any CPU
		{E4DB149B-4DDF-1E44-8725-4A2B6B00C0C8}.Debug|Any CPU.Build.0 = Debug|Any CPU
		{E4DB149B-4DDF-1E44-8725-4A2B6B00C0C8}.Release|Any CPU.ActiveCfg = Release|Any CPU
		{E4DB149B-4DDF-1E44-8725-4A2B6B00C0C8}.Release|Any CPU.Build.0 = Release|Any CPU
		{C5DB9849-924A-0722-1504-4ED1DA6A23F0}.Debug|Any CPU.ActiveCfg = Debug|Any CPU
		{C5DB9849-924A-0722-1504-4ED1DA6A23F0}.Debug|Any CPU.Build.0 = Debug|Any CPU
		{C5DB9849-924A-0722-1504-4ED1DA6A23F0}.Release|Any CPU.ActiveCfg = Release|Any CPU
		{C5DB9849-924A-0722-1504-4ED1DA6A23F0}.Release|Any CPU.Build.0 = Release|Any CPU
		{0AFBE297-ED9A-4E26-456E-CB850D885CB5}.Debug|Any CPU.ActiveCfg = Debug|Any CPU
		{0AFBE297-ED9A-4E26-456E-CB850D885CB5}.Debug|Any CPU.Build.0 = Debug|Any CPU
		{0AFBE297-ED9A-4E26-456E-CB850D885CB5}.Release|Any CPU.ActiveCfg = Release|Any CPU
		{0AFBE297-ED9A-4E26-456E-CB850D885CB5}.Release|Any CPU.Build.0 = Release|Any CPU
	EndGlobalSection
	GlobalSection(SolutionProperties) = preSolution
		HideSolutionNode = FALSE
	EndGlobalSection
	GlobalSection(MonoDevelopProperties) = preSolution
		StartupItem = Assembly-CSharp.csproj
	EndGlobalSection
EndGlobal
