
Microsoft Visual Studio Solution File, Format Version 12.00
# Visual Studio Version 17
VisualStudioVersion = 17.1.32414.318
MinimumVisualStudioVersion = 10.0.40219.1
Project("{FAE04EC0-301F-11D3-BF4B-00C04F79EFBC}") = "AoTTG2.Core", "AoTTG2.Core.csproj", "{1910D852-7B0E-1978-316D-E69A24FD12E7}"
EndProject
Project("{FAE04EC0-301F-11D3-BF4B-00C04F79EFBC}") = "LeanTween", "LeanTween.csproj", "{1C22F4FF-434D-8EF9-D972-CE76987BB652}"
EndProject
Project("{FAE04EC0-301F-11D3-BF4B-00C04F79EFBC}") = "Discord", "Discord.csproj", "{1482DA00-1CA6-2753-87ED-ADD287B06523}"
EndProject
Project("{FAE04EC0-301F-11D3-BF4B-00C04F79EFBC}") = "PhotonUnityNetworking", "PhotonUnityNetworking.csproj", "{38DFE40C-1123-D080-3D21-2543F076B00B}"
EndProject
Project("{FAE04EC0-301F-11D3-BF4B-00C04F79EFBC}") = "Assembly-CSharp-firstpass", "Assembly-CSharp-firstpass.csproj", "{F8CC64E0-6CDD-B768-F154-ACAEBC00F4E1}"
EndProject
Project("{FAE04EC0-301F-11D3-BF4B-00C04F79EFBC}") = "Assembly-CSharp", "Assembly-CSharp.csproj", "{2727C535-9C2A-EDB6-4316-1A98DDB963B7}"
EndProject
Project("{FAE04EC0-301F-11D3-BF4B-00C04F79EFBC}") = "MeleeWeaponTrail", "MeleeWeaponTrail.csproj", "{6821BF7A-7968-697E-ECEC-7AD1C4F8FC6D}"
EndProject
Project("{FAE04EC0-301F-11D3-BF4B-00C04F79EFBC}") = "PlayMode", "PlayMode.csproj", "{E8A4E4EF-F4F4-DBE5-1ABC-594B0E7AB144}"
EndProject
Project("{FAE04EC0-301F-11D3-BF4B-00C04F79EFBC}") = "PhotonUnityNetworking.Editor", "PhotonUnityNetworking.Editor.csproj", "{7BD67373-E00E-07C3-5193-2A5B4C83AF69}"
EndProject
Project("{FAE04EC0-301F-11D3-BF4B-00C04F79EFBC}") = "Assembly-CSharp-Editor", "Assembly-CSharp-Editor.csproj", "{79B415BB-38E0-9DD8-99B3-D9937BEC12B9}"
EndProject
Project("{FAE04EC0-301F-11D3-BF4B-00C04F79EFBC}") = "EditorMode", "EditorMode.csproj", "{8687F97C-3AC4-28E6-11D0-8CD1FE364DA6}"
EndProject
Global
	GlobalSection(SolutionConfigurationPlatforms) = preSolution
		Debug|Any CPU = Debug|Any CPU
		Release|Any CPU = Release|Any CPU
	EndGlobalSection
	GlobalSection(ProjectConfigurationPlatforms) = postSolution
		{1910D852-7B0E-1978-316D-E69A24FD12E7}.Debug|Any CPU.ActiveCfg = Debug|Any CPU
		{1910D852-7B0E-1978-316D-E69A24FD12E7}.Debug|Any CPU.Build.0 = Debug|Any CPU
		{1910D852-7B0E-1978-316D-E69A24FD12E7}.Release|Any CPU.ActiveCfg = Release|Any CPU
		{1910D852-7B0E-1978-316D-E69A24FD12E7}.Release|Any CPU.Build.0 = Release|Any CPU
		{1C22F4FF-434D-8EF9-D972-CE76987BB652}.Debug|Any CPU.ActiveCfg = Debug|Any CPU
		{1C22F4FF-434D-8EF9-D972-CE76987BB652}.Debug|Any CPU.Build.0 = Debug|Any CPU
		{1C22F4FF-434D-8EF9-D972-CE76987BB652}.Release|Any CPU.ActiveCfg = Release|Any CPU
		{1C22F4FF-434D-8EF9-D972-CE76987BB652}.Release|Any CPU.Build.0 = Release|Any CPU
		{1482DA00-1CA6-2753-87ED-ADD287B06523}.Debug|Any CPU.ActiveCfg = Debug|Any CPU
		{1482DA00-1CA6-2753-87ED-ADD287B06523}.Debug|Any CPU.Build.0 = Debug|Any CPU
		{1482DA00-1CA6-2753-87ED-ADD287B06523}.Release|Any CPU.ActiveCfg = Release|Any CPU
		{1482DA00-1CA6-2753-87ED-ADD287B06523}.Release|Any CPU.Build.0 = Release|Any CPU
		{38DFE40C-1123-D080-3D21-2543F076B00B}.Debug|Any CPU.ActiveCfg = Debug|Any CPU
		{38DFE40C-1123-D080-3D21-2543F076B00B}.Debug|Any CPU.Build.0 = Debug|Any CPU
		{38DFE40C-1123-D080-3D21-2543F076B00B}.Release|Any CPU.ActiveCfg = Release|Any CPU
		{38DFE40C-1123-D080-3D21-2543F076B00B}.Release|Any CPU.Build.0 = Release|Any CPU
		{F8CC64E0-6CDD-B768-F154-ACAEBC00F4E1}.Debug|Any CPU.ActiveCfg = Debug|Any CPU
		{F8CC64E0-6CDD-B768-F154-ACAEBC00F4E1}.Debug|Any CPU.Build.0 = Debug|Any CPU
		{F8CC64E0-6CDD-B768-F154-ACAEBC00F4E1}.Release|Any CPU.ActiveCfg = Release|Any CPU
		{F8CC64E0-6CDD-B768-F154-ACAEBC00F4E1}.Release|Any CPU.Build.0 = Release|Any CPU
		{2727C535-9C2A-EDB6-4316-1A98DDB963B7}.Debug|Any CPU.ActiveCfg = Debug|Any CPU
		{2727C535-9C2A-EDB6-4316-1A98DDB963B7}.Debug|Any CPU.Build.0 = Debug|Any CPU
		{2727C535-9C2A-EDB6-4316-1A98DDB963B7}.Release|Any CPU.ActiveCfg = Release|Any CPU
		{2727C535-9C2A-EDB6-4316-1A98DDB963B7}.Release|Any CPU.Build.0 = Release|Any CPU
		{6821BF7A-7968-697E-ECEC-7AD1C4F8FC6D}.Debug|Any CPU.ActiveCfg = Debug|Any CPU
		{6821BF7A-7968-697E-ECEC-7AD1C4F8FC6D}.Debug|Any CPU.Build.0 = Debug|Any CPU
		{6821BF7A-7968-697E-ECEC-7AD1C4F8FC6D}.Release|Any CPU.ActiveCfg = Release|Any CPU
		{6821BF7A-7968-697E-ECEC-7AD1C4F8FC6D}.Release|Any CPU.Build.0 = Release|Any CPU
		{E8A4E4EF-F4F4-DBE5-1ABC-594B0E7AB144}.Debug|Any CPU.ActiveCfg = Debug|Any CPU
		{E8A4E4EF-F4F4-DBE5-1ABC-594B0E7AB144}.Debug|Any CPU.Build.0 = Debug|Any CPU
		{E8A4E4EF-F4F4-DBE5-1ABC-594B0E7AB144}.Release|Any CPU.ActiveCfg = Release|Any CPU
		{E8A4E4EF-F4F4-DBE5-1ABC-594B0E7AB144}.Release|Any CPU.Build.0 = Release|Any CPU
		{7BD67373-E00E-07C3-5193-2A5B4C83AF69}.Debug|Any CPU.ActiveCfg = Debug|Any CPU
		{7BD67373-E00E-07C3-5193-2A5B4C83AF69}.Debug|Any CPU.Build.0 = Debug|Any CPU
		{7BD67373-E00E-07C3-5193-2A5B4C83AF69}.Release|Any CPU.ActiveCfg = Release|Any CPU
		{7BD67373-E00E-07C3-5193-2A5B4C83AF69}.Release|Any CPU.Build.0 = Release|Any CPU
		{79B415BB-38E0-9DD8-99B3-D9937BEC12B9}.Debug|Any CPU.ActiveCfg = Debug|Any CPU
		{79B415BB-38E0-9DD8-99B3-D9937BEC12B9}.Debug|Any CPU.Build.0 = Debug|Any CPU
		{79B415BB-38E0-9DD8-99B3-D9937BEC12B9}.Release|Any CPU.ActiveCfg = Release|Any CPU
		{79B415BB-38E0-9DD8-99B3-D9937BEC12B9}.Release|Any CPU.Build.0 = Release|Any CPU
		{8687F97C-3AC4-28E6-11D0-8CD1FE364DA6}.Debug|Any CPU.ActiveCfg = Debug|Any CPU
		{8687F97C-3AC4-28E6-11D0-8CD1FE364DA6}.Debug|Any CPU.Build.0 = Debug|Any CPU
		{8687F97C-3AC4-28E6-11D0-8CD1FE364DA6}.Release|Any CPU.ActiveCfg = Release|Any CPU
		{8687F97C-3AC4-28E6-11D0-8CD1FE364DA6}.Release|Any CPU.Build.0 = Release|Any CPU
	EndGlobalSection
	GlobalSection(SolutionProperties) = preSolution
		HideSolutionNode = FALSE
	EndGlobalSection
	GlobalSection(ExtensibilityGlobals) = postSolution
		SolutionGuid = {77C09165-6EF6-4F0F-889B-C6F400DD8515}
	EndGlobalSection
EndGlobal
