
Microsoft Visual Studio Solution File, Format Version 12.00
# Visual Studio 15
Project("{FAE04EC0-301F-11D3-BF4B-00C04F79EFBC}") = "AoTTG-2", "AoTTG-2.csproj", "{2057C4DC-B8D6-B08D-FE45-7C5559C0EF08}"
EndProject
Project("{FAE04EC0-301F-11D3-BF4B-00C04F79EFBC}") = "AoTTG-2.Plugins", "AoTTG-2.Plugins.csproj", "{88BFF43C-405A-EBA6-0627-B11118BEEE3F}"
EndProject
Project("{FAE04EC0-301F-11D3-BF4B-00C04F79EFBC}") = "AoTTG-2.Editor", "AoTTG-2.Editor.csproj", "{9F8E9C6C-9FB2-D66E-2BAF-6F983527F526}"
EndProject
Global
	GlobalSection(SolutionConfigurationPlatforms) = preSolution
		Debug|Any CPU = Debug|Any CPU
		Release|Any CPU = Release|Any CPU
	EndGlobalSection
	GlobalSection(ProjectConfigurationPlatforms) = postSolution
		{2057C4DC-B8D6-B08D-FE45-7C5559C0EF08}.Debug|Any CPU.ActiveCfg = Debug|Any CPU
		{2057C4DC-B8D6-B08D-FE45-7C5559C0EF08}.Debug|Any CPU.Build.0 = Debug|Any CPU
		{2057C4DC-B8D6-B08D-FE45-7C5559C0EF08}.Release|Any CPU.ActiveCfg = Release|Any CPU
		{2057C4DC-B8D6-B08D-FE45-7C5559C0EF08}.Release|Any CPU.Build.0 = Release|Any CPU
		{88BFF43C-405A-EBA6-0627-B11118BEEE3F}.Debug|Any CPU.ActiveCfg = Debug|Any CPU
		{88BFF43C-405A-EBA6-0627-B11118BEEE3F}.Debug|Any CPU.Build.0 = Debug|Any CPU
		{88BFF43C-405A-EBA6-0627-B11118BEEE3F}.Release|Any CPU.ActiveCfg = Release|Any CPU
		{88BFF43C-405A-EBA6-0627-B11118BEEE3F}.Release|Any CPU.Build.0 = Release|Any CPU
		{9F8E9C6C-9FB2-D66E-2BAF-6F983527F526}.Debug|Any CPU.ActiveCfg = Debug|Any CPU
		{9F8E9C6C-9FB2-D66E-2BAF-6F983527F526}.Debug|Any CPU.Build.0 = Debug|Any CPU
		{9F8E9C6C-9FB2-D66E-2BAF-6F983527F526}.Release|Any CPU.ActiveCfg = Release|Any CPU
		{9F8E9C6C-9FB2-D66E-2BAF-6F983527F526}.Release|Any CPU.Build.0 = Release|Any CPU
	EndGlobalSection
	GlobalSection(SolutionProperties) = preSolution
		HideSolutionNode = FALSE
	EndGlobalSection
EndGlobal
