
Microsoft Visual Studio Solution File, Format Version 11.00
# Visual Studio 2010
Project("{FAE04EC0-301F-11D3-BF4B-00C04F79EFBC}") = "AoTTG 2", "Assembly-CSharp.csproj", "{A67A7649-639C-D4A9-E40D-45770B1A3C78}"
EndProject
Global
	GlobalSection(SolutionConfigurationPlatforms) = preSolution
		Debug|Any CPU = Debug|Any CPU
		Release|Any CPU = Release|Any CPU
	EndGlobalSection
	GlobalSection(ProjectConfigurationPlatforms) = postSolution
		{A67A7649-639C-D4A9-E40D-45770B1A3C78}.Debug|Any CPU.ActiveCfg = Debug|Any CPU
		{A67A7649-639C-D4A9-E40D-45770B1A3C78}.Debug|Any CPU.Build.0 = Debug|Any CPU
		{A67A7649-639C-D4A9-E40D-45770B1A3C78}.Release|Any CPU.ActiveCfg = Release|Any CPU
		{A67A7649-639C-D4A9-E40D-45770B1A3C78}.Release|Any CPU.Build.0 = Release|Any CPU
	EndGlobalSection
	GlobalSection(SolutionProperties) = preSolution
		HideSolutionNode = FALSE
	EndGlobalSection
	GlobalSection(MonoDevelopProperties) = preSolution
		StartupItem = Assembly-CSharp.csproj
	EndGlobalSection
EndGlobal
